
Microsoft Visual Studio Solution File, Format Version 12.00
# Visual Studio Version 17
VisualStudioVersion = 17.0.31717.71
MinimumVisualStudioVersion = 10.0.40219.1
Project("{2150E333-8FDC-42A3-9474-1A3956D46DE8}") = "1 - Endpoints", "1 - Endpoints", "{1677B0D7-7488-4FD1-96C1-86E2A380F766}"
EndProject
Project("{2150E333-8FDC-42A3-9474-1A3956D46DE8}") = "API", "API", "{23188AAB-F8C7-4259-BF4E-A1BBBA774187}"
EndProject
Project("{2150E333-8FDC-42A3-9474-1A3956D46DE8}") = "EndUserApi", "EndUserApi", "{B4B72F77-1BBB-4BDF-96CE-47DC735B0445}"
EndProject
Project("{9A19103F-16F7-4668-BE54-9A1E7A4F7556}") = "EndUserApi", "Endpoints\API\EndUserApi\EndUserApi.csproj", "{C33E3DE1-3A22-41A8-B414-34FF25CE7F8A}"
EndProject
Project("{2150E333-8FDC-42A3-9474-1A3956D46DE8}") = "2 - WebFramework", "2 - WebFramework", "{924784F2-E84E-4443-84C9-152BE3B22A6B}"
EndProject
Project("{9A19103F-16F7-4668-BE54-9A1E7A4F7556}") = "WebFramework", "WebFramework\WebFramework.csproj", "{FE36BFCB-6748-4394-B61D-A31B6C96C0A8}"
EndProject
Project("{2150E333-8FDC-42A3-9474-1A3956D46DE8}") = "3 - Services", "3 - Services", "{42C9301A-5FBC-41FF-B07E-69B70AE43913}"
EndProject
Project("{9A19103F-16F7-4668-BE54-9A1E7A4F7556}") = "Services", "Services\Services.csproj", "{8894E643-771F-44F7-BE84-37A76B466095}"
EndProject
Project("{9A19103F-16F7-4668-BE54-9A1E7A4F7556}") = "Data", "Data\Data.csproj", "{3B3A72A4-3A4D-4A9D-AA80-BFEE3A548038}"
EndProject
Project("{2150E333-8FDC-42A3-9474-1A3956D46DE8}") = "4 - Data", "4 - Data", "{DF4A4843-5B5B-477B-9049-92FA6DDA6AE8}"
EndProject
Project("{2150E333-8FDC-42A3-9474-1A3956D46DE8}") = "5 - Domain", "5 - Domain", "{C271893A-B4B4-49C2-9B60-6AAF3CC0D088}"
EndProject
Project("{9A19103F-16F7-4668-BE54-9A1E7A4F7556}") = "Domain", "Domain\Domain.csproj", "{BD4B2BCC-F80F-44F9-9693-BC8ECEFF2A49}"
EndProject
Project("{2150E333-8FDC-42A3-9474-1A3956D46DE8}") = "6 - Configuration", "6 - Configuration", "{C13AE14F-2DE0-437B-80AB-A40332BF033F}"
EndProject
Project("{9A19103F-16F7-4668-BE54-9A1E7A4F7556}") = "Configuration", "Configuration\Configuration.csproj", "{A188535A-D930-4543-AFC9-E69454255095}"
EndProject
Project("{2150E333-8FDC-42A3-9474-1A3956D46DE8}") = "7 - Shared", "7 - Shared", "{1267FE46-8972-453B-8F7C-250789E7D9F9}"
EndProject
Project("{9A19103F-16F7-4668-BE54-9A1E7A4F7556}") = "Shared", "Shared\Shared.csproj", "{33F569AC-F283-4182-B318-C05BF11205C3}"
EndProject
Project("{2150E333-8FDC-42A3-9474-1A3956D46DE8}") = "AdminApi", "AdminApi", "{38B29650-4B22-4A88-B7EB-144811DDB1B8}"
EndProject
Global
	GlobalSection(SolutionConfigurationPlatforms) = preSolution
		Debug|Any CPU = Debug|Any CPU
		Release|Any CPU = Release|Any CPU
	EndGlobalSection
	GlobalSection(ProjectConfigurationPlatforms) = postSolution
		{C33E3DE1-3A22-41A8-B414-34FF25CE7F8A}.Debug|Any CPU.ActiveCfg = Debug|Any CPU
		{C33E3DE1-3A22-41A8-B414-34FF25CE7F8A}.Debug|Any CPU.Build.0 = Debug|Any CPU
		{C33E3DE1-3A22-41A8-B414-34FF25CE7F8A}.Release|Any CPU.ActiveCfg = Release|Any CPU
		{C33E3DE1-3A22-41A8-B414-34FF25CE7F8A}.Release|Any CPU.Build.0 = Release|Any CPU
		{FE36BFCB-6748-4394-B61D-A31B6C96C0A8}.Debug|Any CPU.ActiveCfg = Debug|Any CPU
		{FE36BFCB-6748-4394-B61D-A31B6C96C0A8}.Debug|Any CPU.Build.0 = Debug|Any CPU
		{FE36BFCB-6748-4394-B61D-A31B6C96C0A8}.Release|Any CPU.ActiveCfg = Release|Any CPU
		{FE36BFCB-6748-4394-B61D-A31B6C96C0A8}.Release|Any CPU.Build.0 = Release|Any CPU
		{8894E643-771F-44F7-BE84-37A76B466095}.Debug|Any CPU.ActiveCfg = Debug|Any CPU
		{8894E643-771F-44F7-BE84-37A76B466095}.Debug|Any CPU.Build.0 = Debug|Any CPU
		{8894E643-771F-44F7-BE84-37A76B466095}.Release|Any CPU.ActiveCfg = Release|Any CPU
		{8894E643-771F-44F7-BE84-37A76B466095}.Release|Any CPU.Build.0 = Release|Any CPU
		{3B3A72A4-3A4D-4A9D-AA80-BFEE3A548038}.Debug|Any CPU.ActiveCfg = Debug|Any CPU
		{3B3A72A4-3A4D-4A9D-AA80-BFEE3A548038}.Debug|Any CPU.Build.0 = Debug|Any CPU
		{3B3A72A4-3A4D-4A9D-AA80-BFEE3A548038}.Release|Any CPU.ActiveCfg = Release|Any CPU
		{3B3A72A4-3A4D-4A9D-AA80-BFEE3A548038}.Release|Any CPU.Build.0 = Release|Any CPU
		{BD4B2BCC-F80F-44F9-9693-BC8ECEFF2A49}.Debug|Any CPU.ActiveCfg = Debug|Any CPU
		{BD4B2BCC-F80F-44F9-9693-BC8ECEFF2A49}.Debug|Any CPU.Build.0 = Debug|Any CPU
		{BD4B2BCC-F80F-44F9-9693-BC8ECEFF2A49}.Release|Any CPU.ActiveCfg = Release|Any CPU
		{BD4B2BCC-F80F-44F9-9693-BC8ECEFF2A49}.Release|Any CPU.Build.0 = Release|Any CPU
		{A188535A-D930-4543-AFC9-E69454255095}.Debug|Any CPU.ActiveCfg = Debug|Any CPU
		{A188535A-D930-4543-AFC9-E69454255095}.Debug|Any CPU.Build.0 = Debug|Any CPU
		{A188535A-D930-4543-AFC9-E69454255095}.Release|Any CPU.ActiveCfg = Release|Any CPU
		{A188535A-D930-4543-AFC9-E69454255095}.Release|Any CPU.Build.0 = Release|Any CPU
		{33F569AC-F283-4182-B318-C05BF11205C3}.Debug|Any CPU.ActiveCfg = Debug|Any CPU
		{33F569AC-F283-4182-B318-C05BF11205C3}.Debug|Any CPU.Build.0 = Debug|Any CPU
		{33F569AC-F283-4182-B318-C05BF11205C3}.Release|Any CPU.ActiveCfg = Release|Any CPU
		{33F569AC-F283-4182-B318-C05BF11205C3}.Release|Any CPU.Build.0 = Release|Any CPU
	EndGlobalSection
	GlobalSection(SolutionProperties) = preSolution
		HideSolutionNode = FALSE
	EndGlobalSection
	GlobalSection(NestedProjects) = preSolution
		{23188AAB-F8C7-4259-BF4E-A1BBBA774187} = {1677B0D7-7488-4FD1-96C1-86E2A380F766}
		{B4B72F77-1BBB-4BDF-96CE-47DC735B0445} = {23188AAB-F8C7-4259-BF4E-A1BBBA774187}
		{C33E3DE1-3A22-41A8-B414-34FF25CE7F8A} = {B4B72F77-1BBB-4BDF-96CE-47DC735B0445}
		{FE36BFCB-6748-4394-B61D-A31B6C96C0A8} = {924784F2-E84E-4443-84C9-152BE3B22A6B}
		{8894E643-771F-44F7-BE84-37A76B466095} = {42C9301A-5FBC-41FF-B07E-69B70AE43913}
		{3B3A72A4-3A4D-4A9D-AA80-BFEE3A548038} = {DF4A4843-5B5B-477B-9049-92FA6DDA6AE8}
		{BD4B2BCC-F80F-44F9-9693-BC8ECEFF2A49} = {C271893A-B4B4-49C2-9B60-6AAF3CC0D088}
		{A188535A-D930-4543-AFC9-E69454255095} = {C13AE14F-2DE0-437B-80AB-A40332BF033F}
		{33F569AC-F283-4182-B318-C05BF11205C3} = {1267FE46-8972-453B-8F7C-250789E7D9F9}
		{38B29650-4B22-4A88-B7EB-144811DDB1B8} = {23188AAB-F8C7-4259-BF4E-A1BBBA774187}
	EndGlobalSection
	GlobalSection(ExtensibilityGlobals) = postSolution
		SolutionGuid = {76E9B728-EADB-4A28-ADC5-55176A3EB250}
	EndGlobalSection
EndGlobal
